lockfileVersion: '6.0'

settings:
  autoInstallPeers: true
  excludeLinksFromLockfile: false

devDependencies:
  '@tsconfig/node21':
    specifier: ^21.0.1
    version: 21.0.1
  '@tsconfig/strictest':
    specifier: ^2.0.3
    version: 2.0.3
  '@types/node':
    specifier: ^20.11.24
    version: 20.11.24

packages:

  /@tsconfig/node21@21.0.1:
    resolution: {integrity: sha512-2Khg79N+z2Qkb9SjLzOi8cz2PSa/oUpHIeQm1YWzmWXkoFcPXFZSHgs+Z8iPCDjIoXFqMNYntiTXxfLYQMcRhw==}
    dev: true

  /@tsconfig/strictest@2.0.3:
    resolution: {integrity: sha512-MroLvRhMbqtXI5WBSwoomro6OQS4xnCoudUrMb20JO0vLKUs0bAaCEcvM/immEBSJjFAK1l6jW1oAO8q3Ancrg==}
    dev: true

  /@types/node@20.11.24:
    resolution: {integrity: sha512-Kza43ewS3xoLgCEpQrsT+xRo/EJej1y0kVYGiLFE1NEODXGzTfwiC6tXTLMQskn1X4/Rjlh0MQUvx9W+L9long==}
    dependencies:
      undici-types: 5.26.5
    dev: true

  /undici-types@5.26.5:
    resolution: {integrity: sha512-JlCMO+ehdEIKqlFxk6IfVoAUVmgz7cU7zD/h9XZ0qzeosSHmUJVOzSQvvYSYWXkFXC+IfLKSIffhv0sVZup6pA==}
    dev: true
